
Microsoft Visual Studio Solution File, Format Version 12.00
# Visual Studio Version 17
VisualStudioVersion = 17.0.31903.59
MinimumVisualStudioVersion = 10.0.40219.1
Project("{2150E333-8FDC-42A3-9474-1A3956D46DE8}") = "src", "src", "{3BE56DC5-2E84-4A93-BC1D-E975D3DF54BF}"
EndProject
Project("{FAE04EC0-301F-11D3-BF4B-00C04F79EFBC}") = "Shardis", "src\Shardis\Shardis.csproj", "{9C3C6394-FBEB-4904-839F-2B06C809C39F}"
EndProject
Project("{2150E333-8FDC-42A3-9474-1A3956D46DE8}") = "test", "test", "{3EF50925-C550-461B-9B75-6C4B80627735}"
EndProject
Project("{FAE04EC0-301F-11D3-BF4B-00C04F79EFBC}") = "Shardis.Tests", "test\Shardis.Tests\Shardis.Tests.csproj", "{E2A83A01-6DBD-4A5B-8FFC-9C70114EF07D}"
EndProject
Project("{2150E333-8FDC-42A3-9474-1A3956D46DE8}") = "samples", "samples", "{87D4F378-43DD-4DCB-8109-8D91BF61043E}"
EndProject
Project("{FAE04EC0-301F-11D3-BF4B-00C04F79EFBC}") = "SampleApp", "samples\SampleApp\SampleApp.csproj", "{D6B7690E-6131-496F-BA89-71ADAD62BCC9}"
EndProject
Project("{FAE04EC0-301F-11D3-BF4B-00C04F79EFBC}") = "Shardis.Redis", "src\Shardis.Redis\Shardis.Redis.csproj", "{5A99A87B-3FE1-421E-ABE3-DC23F6DD6283}"
EndProject
Project("{FAE04EC0-301F-11D3-BF4B-00C04F79EFBC}") = "SampleWorker", "samples\SampleWorker\SampleWorker.csproj", "{A7C28537-CB12-4804-AE20-475DBB48E6DF}"
EndProject
Project("{FAE04EC0-301F-11D3-BF4B-00C04F79EFBC}") = "Shardis.Marten", "src\Shardis.Marten\Shardis.Marten.csproj", "{2CB704CB-6B17-411B-86C2-8794553643D1}"
EndProject
Project("{FAE04EC0-301F-11D3-BF4B-00C04F79EFBC}") = "Shardis.Benchmarks", "benchmarks\Shardis.Benchmarks.csproj", "{6E3C5A3D-0D2E-4A6B-9E25-2F6A9B7A2E4C}"
EndProject
Project("{FAE04EC0-301F-11D3-BF4B-00C04F79EFBC}") = "Shardis.Migration", "src\Shardis.Migration\Shardis.Migration.csproj", "{FAF7AD58-7FA6-4053-99C1-92E597AF8FB7}"
EndProject
Project("{FAE04EC0-301F-11D3-BF4B-00C04F79EFBC}") = "Shardis.Migration.Tests", "test\Shardis.Migration.Tests\Shardis.Migration.Tests.csproj", "{810851DA-A230-46B0-A3F1-30DE420B1ED0}"
EndProject
Global
	GlobalSection(SolutionConfigurationPlatforms) = preSolution
		Debug|Any CPU = Debug|Any CPU
		Debug|x64 = Debug|x64
		Debug|x86 = Debug|x86
		Release|Any CPU = Release|Any CPU
		Release|x64 = Release|x64
		Release|x86 = Release|x86
	EndGlobalSection
	GlobalSection(ProjectConfigurationPlatforms) = postSolution
		{9C3C6394-FBEB-4904-839F-2B06C809C39F}.Debug|Any CPU.ActiveCfg = Debug|Any CPU
		{9C3C6394-FBEB-4904-839F-2B06C809C39F}.Debug|Any CPU.Build.0 = Debug|Any CPU
		{9C3C6394-FBEB-4904-839F-2B06C809C39F}.Debug|x64.ActiveCfg = Debug|Any CPU
		{9C3C6394-FBEB-4904-839F-2B06C809C39F}.Debug|x64.Build.0 = Debug|Any CPU
		{9C3C6394-FBEB-4904-839F-2B06C809C39F}.Debug|x86.ActiveCfg = Debug|Any CPU
		{9C3C6394-FBEB-4904-839F-2B06C809C39F}.Debug|x86.Build.0 = Debug|Any CPU
		{9C3C6394-FBEB-4904-839F-2B06C809C39F}.Release|Any CPU.ActiveCfg = Release|Any CPU
		{9C3C6394-FBEB-4904-839F-2B06C809C39F}.Release|Any CPU.Build.0 = Release|Any CPU
		{9C3C6394-FBEB-4904-839F-2B06C809C39F}.Release|x64.ActiveCfg = Release|Any CPU
		{9C3C6394-FBEB-4904-839F-2B06C809C39F}.Release|x64.Build.0 = Release|Any CPU
		{9C3C6394-FBEB-4904-839F-2B06C809C39F}.Release|x86.ActiveCfg = Release|Any CPU
		{9C3C6394-FBEB-4904-839F-2B06C809C39F}.Release|x86.Build.0 = Release|Any CPU
		{E2A83A01-6DBD-4A5B-8FFC-9C70114EF07D}.Debug|Any CPU.ActiveCfg = Debug|Any CPU
		{E2A83A01-6DBD-4A5B-8FFC-9C70114EF07D}.Debug|Any CPU.Build.0 = Debug|Any CPU
		{E2A83A01-6DBD-4A5B-8FFC-9C70114EF07D}.Debug|x64.ActiveCfg = Debug|Any CPU
		{E2A83A01-6DBD-4A5B-8FFC-9C70114EF07D}.Debug|x64.Build.0 = Debug|Any CPU
		{E2A83A01-6DBD-4A5B-8FFC-9C70114EF07D}.Debug|x86.ActiveCfg = Debug|Any CPU
		{E2A83A01-6DBD-4A5B-8FFC-9C70114EF07D}.Debug|x86.Build.0 = Debug|Any CPU
		{E2A83A01-6DBD-4A5B-8FFC-9C70114EF07D}.Release|Any CPU.ActiveCfg = Release|Any CPU
		{E2A83A01-6DBD-4A5B-8FFC-9C70114EF07D}.Release|Any CPU.Build.0 = Release|Any CPU
		{E2A83A01-6DBD-4A5B-8FFC-9C70114EF07D}.Release|x64.ActiveCfg = Release|Any CPU
		{E2A83A01-6DBD-4A5B-8FFC-9C70114EF07D}.Release|x64.Build.0 = Release|Any CPU
		{E2A83A01-6DBD-4A5B-8FFC-9C70114EF07D}.Release|x86.ActiveCfg = Release|Any CPU
		{E2A83A01-6DBD-4A5B-8FFC-9C70114EF07D}.Release|x86.Build.0 = Release|Any CPU
		{D6B7690E-6131-496F-BA89-71ADAD62BCC9}.Debug|Any CPU.ActiveCfg = Debug|Any CPU
		{D6B7690E-6131-496F-BA89-71ADAD62BCC9}.Debug|Any CPU.Build.0 = Debug|Any CPU
		{D6B7690E-6131-496F-BA89-71ADAD62BCC9}.Debug|x64.ActiveCfg = Debug|Any CPU
		{D6B7690E-6131-496F-BA89-71ADAD62BCC9}.Debug|x64.Build.0 = Debug|Any CPU
		{D6B7690E-6131-496F-BA89-71ADAD62BCC9}.Debug|x86.ActiveCfg = Debug|Any CPU
		{D6B7690E-6131-496F-BA89-71ADAD62BCC9}.Debug|x86.Build.0 = Debug|Any CPU
		{D6B7690E-6131-496F-BA89-71ADAD62BCC9}.Release|Any CPU.ActiveCfg = Release|Any CPU
		{D6B7690E-6131-496F-BA89-71ADAD62BCC9}.Release|Any CPU.Build.0 = Release|Any CPU
		{D6B7690E-6131-496F-BA89-71ADAD62BCC9}.Release|x64.ActiveCfg = Release|Any CPU
		{D6B7690E-6131-496F-BA89-71ADAD62BCC9}.Release|x64.Build.0 = Release|Any CPU
		{D6B7690E-6131-496F-BA89-71ADAD62BCC9}.Release|x86.ActiveCfg = Release|Any CPU
		{D6B7690E-6131-496F-BA89-71ADAD62BCC9}.Release|x86.Build.0 = Release|Any CPU
		{5A99A87B-3FE1-421E-ABE3-DC23F6DD6283}.Debug|Any CPU.ActiveCfg = Debug|Any CPU
		{5A99A87B-3FE1-421E-ABE3-DC23F6DD6283}.Debug|Any CPU.Build.0 = Debug|Any CPU
		{5A99A87B-3FE1-421E-ABE3-DC23F6DD6283}.Debug|x64.ActiveCfg = Debug|Any CPU
		{5A99A87B-3FE1-421E-ABE3-DC23F6DD6283}.Debug|x64.Build.0 = Debug|Any CPU
		{5A99A87B-3FE1-421E-ABE3-DC23F6DD6283}.Debug|x86.ActiveCfg = Debug|Any CPU
		{5A99A87B-3FE1-421E-ABE3-DC23F6DD6283}.Debug|x86.Build.0 = Debug|Any CPU
		{5A99A87B-3FE1-421E-ABE3-DC23F6DD6283}.Release|Any CPU.ActiveCfg = Release|Any CPU
		{5A99A87B-3FE1-421E-ABE3-DC23F6DD6283}.Release|Any CPU.Build.0 = Release|Any CPU
		{5A99A87B-3FE1-421E-ABE3-DC23F6DD6283}.Release|x64.ActiveCfg = Release|Any CPU
		{5A99A87B-3FE1-421E-ABE3-DC23F6DD6283}.Release|x64.Build.0 = Release|Any CPU
		{5A99A87B-3FE1-421E-ABE3-DC23F6DD6283}.Release|x86.ActiveCfg = Release|Any CPU
		{5A99A87B-3FE1-421E-ABE3-DC23F6DD6283}.Release|x86.Build.0 = Release|Any CPU
		{A7C28537-CB12-4804-AE20-475DBB48E6DF}.Debug|Any CPU.ActiveCfg = Debug|Any CPU
		{A7C28537-CB12-4804-AE20-475DBB48E6DF}.Debug|Any CPU.Build.0 = Debug|Any CPU
		{A7C28537-CB12-4804-AE20-475DBB48E6DF}.Debug|x64.ActiveCfg = Debug|Any CPU
		{A7C28537-CB12-4804-AE20-475DBB48E6DF}.Debug|x64.Build.0 = Debug|Any CPU
		{A7C28537-CB12-4804-AE20-475DBB48E6DF}.Debug|x86.ActiveCfg = Debug|Any CPU
		{A7C28537-CB12-4804-AE20-475DBB48E6DF}.Debug|x86.Build.0 = Debug|Any CPU
		{A7C28537-CB12-4804-AE20-475DBB48E6DF}.Release|Any CPU.ActiveCfg = Release|Any CPU
		{A7C28537-CB12-4804-AE20-475DBB48E6DF}.Release|Any CPU.Build.0 = Release|Any CPU
		{A7C28537-CB12-4804-AE20-475DBB48E6DF}.Release|x64.ActiveCfg = Release|Any CPU
		{A7C28537-CB12-4804-AE20-475DBB48E6DF}.Release|x64.Build.0 = Release|Any CPU
		{A7C28537-CB12-4804-AE20-475DBB48E6DF}.Release|x86.ActiveCfg = Release|Any CPU
		{A7C28537-CB12-4804-AE20-475DBB48E6DF}.Release|x86.Build.0 = Release|Any CPU
		{2CB704CB-6B17-411B-86C2-8794553643D1}.Debug|Any CPU.ActiveCfg = Debug|Any CPU
		{2CB704CB-6B17-411B-86C2-8794553643D1}.Debug|Any CPU.Build.0 = Debug|Any CPU
		{2CB704CB-6B17-411B-86C2-8794553643D1}.Debug|x64.ActiveCfg = Debug|Any CPU
		{2CB704CB-6B17-411B-86C2-8794553643D1}.Debug|x64.Build.0 = Debug|Any CPU
		{2CB704CB-6B17-411B-86C2-8794553643D1}.Debug|x86.ActiveCfg = Debug|Any CPU
		{2CB704CB-6B17-411B-86C2-8794553643D1}.Debug|x86.Build.0 = Debug|Any CPU
		{2CB704CB-6B17-411B-86C2-8794553643D1}.Release|Any CPU.ActiveCfg = Release|Any CPU
		{2CB704CB-6B17-411B-86C2-8794553643D1}.Release|Any CPU.Build.0 = Release|Any CPU
		{2CB704CB-6B17-411B-86C2-8794553643D1}.Release|x64.ActiveCfg = Release|Any CPU
		{2CB704CB-6B17-411B-86C2-8794553643D1}.Release|x64.Build.0 = Release|Any CPU
		{2CB704CB-6B17-411B-86C2-8794553643D1}.Release|x86.ActiveCfg = Release|Any CPU
		{2CB704CB-6B17-411B-86C2-8794553643D1}.Release|x86.Build.0 = Release|Any CPU
		{6E3C5A3D-0D2E-4A6B-9E25-2F6A9B7A2E4C}.Debug|Any CPU.ActiveCfg = Debug|Any CPU
		{6E3C5A3D-0D2E-4A6B-9E25-2F6A9B7A2E4C}.Debug|Any CPU.Build.0 = Debug|Any CPU
		{6E3C5A3D-0D2E-4A6B-9E25-2F6A9B7A2E4C}.Debug|x64.ActiveCfg = Debug|Any CPU
		{6E3C5A3D-0D2E-4A6B-9E25-2F6A9B7A2E4C}.Debug|x64.Build.0 = Debug|Any CPU
		{6E3C5A3D-0D2E-4A6B-9E25-2F6A9B7A2E4C}.Debug|x86.ActiveCfg = Debug|Any CPU
		{6E3C5A3D-0D2E-4A6B-9E25-2F6A9B7A2E4C}.Debug|x86.Build.0 = Debug|Any CPU
		{6E3C5A3D-0D2E-4A6B-9E25-2F6A9B7A2E4C}.Release|Any CPU.ActiveCfg = Release|Any CPU
		{6E3C5A3D-0D2E-4A6B-9E25-2F6A9B7A2E4C}.Release|Any CPU.Build.0 = Release|Any CPU
		{6E3C5A3D-0D2E-4A6B-9E25-2F6A9B7A2E4C}.Release|x64.ActiveCfg = Release|Any CPU
		{6E3C5A3D-0D2E-4A6B-9E25-2F6A9B7A2E4C}.Release|x64.Build.0 = Release|Any CPU
		{6E3C5A3D-0D2E-4A6B-9E25-2F6A9B7A2E4C}.Release|x86.ActiveCfg = Release|Any CPU
		{6E3C5A3D-0D2E-4A6B-9E25-2F6A9B7A2E4C}.Release|x86.Build.0 = Release|Any CPU
		{FAF7AD58-7FA6-4053-99C1-92E597AF8FB7}.Debug|Any CPU.ActiveCfg = Debug|Any CPU
		{FAF7AD58-7FA6-4053-99C1-92E597AF8FB7}.Debug|Any CPU.Build.0 = Debug|Any CPU
		{FAF7AD58-7FA6-4053-99C1-92E597AF8FB7}.Debug|x64.ActiveCfg = Debug|Any CPU
		{FAF7AD58-7FA6-4053-99C1-92E597AF8FB7}.Debug|x64.Build.0 = Debug|Any CPU
		{FAF7AD58-7FA6-4053-99C1-92E597AF8FB7}.Debug|x86.ActiveCfg = Debug|Any CPU
		{FAF7AD58-7FA6-4053-99C1-92E597AF8FB7}.Debug|x86.Build.0 = Debug|Any CPU
		{FAF7AD58-7FA6-4053-99C1-92E597AF8FB7}.Release|Any CPU.ActiveCfg = Release|Any CPU
		{FAF7AD58-7FA6-4053-99C1-92E597AF8FB7}.Release|Any CPU.Build.0 = Release|Any CPU
		{FAF7AD58-7FA6-4053-99C1-92E597AF8FB7}.Release|x64.ActiveCfg = Release|Any CPU
		{FAF7AD58-7FA6-4053-99C1-92E597AF8FB7}.Release|x64.Build.0 = Release|Any CPU
		{FAF7AD58-7FA6-4053-99C1-92E597AF8FB7}.Release|x86.ActiveCfg = Release|Any CPU
		{FAF7AD58-7FA6-4053-99C1-92E597AF8FB7}.Release|x86.Build.0 = Release|Any CPU
		{810851DA-A230-46B0-A3F1-30DE420B1ED0}.Debug|Any CPU.ActiveCfg = Debug|Any CPU
		{810851DA-A230-46B0-A3F1-30DE420B1ED0}.Debug|Any CPU.Build.0 = Debug|Any CPU
		{810851DA-A230-46B0-A3F1-30DE420B1ED0}.Debug|x64.ActiveCfg = Debug|Any CPU
		{810851DA-A230-46B0-A3F1-30DE420B1ED0}.Debug|x64.Build.0 = Debug|Any CPU
		{810851DA-A230-46B0-A3F1-30DE420B1ED0}.Debug|x86.ActiveCfg = Debug|Any CPU
		{810851DA-A230-46B0-A3F1-30DE420B1ED0}.Debug|x86.Build.0 = Debug|Any CPU
		{810851DA-A230-46B0-A3F1-30DE420B1ED0}.Release|Any CPU.ActiveCfg = Release|Any CPU
		{810851DA-A230-46B0-A3F1-30DE420B1ED0}.Release|Any CPU.Build.0 = Release|Any CPU
		{810851DA-A230-46B0-A3F1-30DE420B1ED0}.Release|x64.ActiveCfg = Release|Any CPU
		{810851DA-A230-46B0-A3F1-30DE420B1ED0}.Release|x64.Build.0 = Release|Any CPU
		{810851DA-A230-46B0-A3F1-30DE420B1ED0}.Release|x86.ActiveCfg = Release|Any CPU
		{810851DA-A230-46B0-A3F1-30DE420B1ED0}.Release|x86.Build.0 = Release|Any CPU
	EndGlobalSection
	GlobalSection(SolutionProperties) = preSolution
		HideSolutionNode = FALSE
	EndGlobalSection
	GlobalSection(NestedProjects) = preSolution
		{9C3C6394-FBEB-4904-839F-2B06C809C39F} = {3BE56DC5-2E84-4A93-BC1D-E975D3DF54BF}
		{E2A83A01-6DBD-4A5B-8FFC-9C70114EF07D} = {3EF50925-C550-461B-9B75-6C4B80627735}
		{D6B7690E-6131-496F-BA89-71ADAD62BCC9} = {87D4F378-43DD-4DCB-8109-8D91BF61043E}
		{5A99A87B-3FE1-421E-ABE3-DC23F6DD6283} = {3BE56DC5-2E84-4A93-BC1D-E975D3DF54BF}
		{A7C28537-CB12-4804-AE20-475DBB48E6DF} = {87D4F378-43DD-4DCB-8109-8D91BF61043E}
		{2CB704CB-6B17-411B-86C2-8794553643D1} = {3BE56DC5-2E84-4A93-BC1D-E975D3DF54BF}
		{6E3C5A3D-0D2E-4A6B-9E25-2F6A9B7A2E4C} = {3BE56DC5-2E84-4A93-BC1D-E975D3DF54BF}
		{FAF7AD58-7FA6-4053-99C1-92E597AF8FB7} = {3BE56DC5-2E84-4A93-BC1D-E975D3DF54BF}
		{810851DA-A230-46B0-A3F1-30DE420B1ED0} = {3BE56DC5-2E84-4A93-BC1D-E975D3DF54BF}
	EndGlobalSection
EndGlobal
