
Microsoft Visual Studio Solution File, Format Version 12.00
# Visual Studio Version 17
VisualStudioVersion = 17.0.31903.59
MinimumVisualStudioVersion = 10.0.40219.1
Project("{2150E333-8FDC-42A3-9474-1A3956D46DE8}") = "src", "src", "{3BE56DC5-2E84-4A93-BC1D-E975D3DF54BF}"
EndProject
Project("{FAE04EC0-301F-11D3-BF4B-00C04F79EFBC}") = "Shardis", "src\Shardis\Shardis.csproj", "{9C3C6394-FBEB-4904-839F-2B06C809C39F}"
EndProject
Project("{2150E333-8FDC-42A3-9474-1A3956D46DE8}") = "test", "test", "{3EF50925-C550-461B-9B75-6C4B80627735}"
EndProject
Project("{FAE04EC0-301F-11D3-BF4B-00C04F79EFBC}") = "Shardis.Tests", "test\Shardis.Tests\Shardis.Tests.csproj", "{E2A83A01-6DBD-4A5B-8FFC-9C70114EF07D}"
EndProject
Project("{2150E333-8FDC-42A3-9474-1A3956D46DE8}") = "samples", "samples", "{87D4F378-43DD-4DCB-8109-8D91BF61043E}"
EndProject
Project("{FAE04EC0-301F-11D3-BF4B-00C04F79EFBC}") = "SampleApp", "samples\SampleApp\SampleApp.csproj", "{D6B7690E-6131-496F-BA89-71ADAD62BCC9}"
EndProject
Project("{FAE04EC0-301F-11D3-BF4B-00C04F79EFBC}") = "Shardis.Redis", "src\Shardis.Redis\Shardis.Redis.csproj", "{5A99A87B-3FE1-421E-ABE3-DC23F6DD6283}"
EndProject
Project("{FAE04EC0-301F-11D3-BF4B-00C04F79EFBC}") = "SampleWorker", "samples\SampleWorker\SampleWorker.csproj", "{A7C28537-CB12-4804-AE20-475DBB48E6DF}"
EndProject
Project("{FAE04EC0-301F-11D3-BF4B-00C04F79EFBC}") = "Shardis.Marten", "src\Shardis.Marten\Shardis.Marten.csproj", "{2CB704CB-6B17-411B-86C2-8794553643D1}"
EndProject
Project("{FAE04EC0-301F-11D3-BF4B-00C04F79EFBC}") = "Shardis.Migration", "src\Shardis.Migration\Shardis.Migration.csproj", "{FAF7AD58-7FA6-4053-99C1-92E597AF8FB7}"
EndProject
Project("{FAE04EC0-301F-11D3-BF4B-00C04F79EFBC}") = "Shardis.Testing", "src\Shardis.Testing\Shardis.Testing.csproj", "{67FC1D03-DE46-41F7-BEA2-3A4001B086FA}"
EndProject
Project("{FAE04EC0-301F-11D3-BF4B-00C04F79EFBC}") = "Shardis.Query", "src\Shardis.Query\Shardis.Query.csproj", "{20DB065B-91D2-4C32-9AEA-CA93FCF67EF1}"
EndProject
Project("{FAE04EC0-301F-11D3-BF4B-00C04F79EFBC}") = "Shardis.PublicApi.Tests", "test\Shardis.PublicApi.Tests\Shardis.PublicApi.Tests.csproj", "{A1F0E6D9-5E3E-4E1A-9E1C-5F2C0B5B7C11}"
EndProject
Project("{FAE04EC0-301F-11D3-BF4B-00C04F79EFBC}") = "Shardis.Query.Marten", "src\Shardis.Query.Marten\Shardis.Query.Marten.csproj", "{0BA55295-2A34-49C3-8A42-D47860996D1F}"
EndProject
Project("{FAE04EC0-301F-11D3-BF4B-00C04F79EFBC}") = "Shardis.Query.InMemory", "src\Shardis.Query.InMemory\Shardis.Query.InMemory.csproj", "{D3100275-DB02-4432-912C-4C16CB254092}"
EndProject
Project("{FAE04EC0-301F-11D3-BF4B-00C04F79EFBC}") = "Shardis.DependencyInjection", "src\Shardis.DependencyInjection\Shardis.DependencyInjection.csproj", "{5F22672A-896E-4E7B-9157-EF0F8D0409BF}"
EndProject
Project("{FAE04EC0-301F-11D3-BF4B-00C04F79EFBC}") = "Shardis.Query.Samples.EntityFrameworkCore", "samples\Shardis.Query.Samples.EntityFrameworkCore\Shardis.Query.Samples.EntityFrameworkCore.csproj", "{921173D4-A118-45FD-B5CF-35824C0128A2}"
EndProject
Project("{FAE04EC0-301F-11D3-BF4B-00C04F79EFBC}") = "Shardis.Query.EntityFrameworkCore", "src\Shardis.Query.EntityFrameworkCore\Shardis.Query.EntityFrameworkCore.csproj", "{5E263EC9-574D-4EB9-97AF-3C21548DA044}"
EndProject
Project("{FAE04EC0-301F-11D3-BF4B-00C04F79EFBC}") = "Shardis.Marten.Tests", "test\Shardis.Marten.Tests\Shardis.Marten.Tests.csproj", "{0E55E8F7-39F4-42A9-A795-E547C0BEF34E}"
EndProject
Project("{FAE04EC0-301F-11D3-BF4B-00C04F79EFBC}") = "Shardis.Query.Tests", "test\Shardis.Query.Tests\Shardis.Query.Tests.csproj", "{2C30C18C-C4E7-45CD-9138-8C30A6606F17}"
EndProject
Project("{FAE04EC0-301F-11D3-BF4B-00C04F79EFBC}") = "Shardis.Migration.Tests", "test\Shardis.Migration.Tests\Shardis.Migration.Tests.csproj", "{74CD7828-4D65-4DE9-875E-6A007E867FF4}"
EndProject
Project("{FAE04EC0-301F-11D3-BF4B-00C04F79EFBC}") = "Shardis.Query.Samples.Marten", "samples\Shardis.Query.Samples.Marten\Shardis.Query.Samples.Marten.csproj", "{9E0C7F4C-7B9D-4F2D-AE3E-3E4F7C3A9A11}"
EndProject
Project("{FAE04EC0-301F-11D3-BF4B-00C04F79EFBC}") = "Shardis.Migration.Sample", "samples\Shardis.Migration.Sample\Shardis.Migration.Sample.csproj", "{6B390F0B-A36C-4FAC-8EE3-AF9CAB4ECDFF}"
EndProject
Project("{FAE04EC0-301F-11D3-BF4B-00C04F79EFBC}") = "Shardis.Migration.EntityFrameworkCore", "src\Shardis.Migration.EntityFrameworkCore\Shardis.Migration.EntityFrameworkCore.csproj", "{A2565C9D-FC73-4A6C-B0F5-21FB7ADA96D8}"
EndProject
Project("{FAE04EC0-301F-11D3-BF4B-00C04F79EFBC}") = "Shardis.Migration.EntityFrameworkCore.Tests", "test\Shardis.Migration.EntityFrameworkCore.Tests\Shardis.Migration.EntityFrameworkCore.Tests.csproj", "{43F6D6B0-AFAE-4F34-B5AC-2A6B3209C33F}"
EndProject
Project("{FAE04EC0-301F-11D3-BF4B-00C04F79EFBC}") = "TestUtilities", "test\TestUtilities\TestUtilities.csproj", "{E3DD65D9-9BC4-4CB2-B2FF-89F9C3029DFF}"
EndProject
Project("{FAE04EC0-301F-11D3-BF4B-00C04F79EFBC}") = "Shardis.Migration.Marten", "src\Shardis.Migration.Marten\Shardis.Migration.Marten.csproj", "{7231FC4C-87F6-4206-A3DE-30F262EAC51B}"
EndProject
Project("{FAE04EC0-301F-11D3-BF4B-00C04F79EFBC}") = "Shardis.Migration.Marten.Tests", "test\Shardis.Migration.Marten.Tests\Shardis.Migration.Marten.Tests.csproj", "{B30D4DE7-5399-4111-B1ED-E619CC914991}"
EndProject
Project("{FAE04EC0-301F-11D3-BF4B-00C04F79EFBC}") = "Shardis.Migration.Sql", "src\Shardis.Migration.Sql\Shardis.Migration.Sql.csproj", "{5F81F12F-E246-41AD-ADE0-288EA95BB28A}"
EndProject
Project("{2150E333-8FDC-42A3-9474-1A3956D46DE8}") = "benchmarks", "benchmarks", "{66320409-64EC-F7C5-3DEF-65E7510DAAD1}"
EndProject
Project("{FAE04EC0-301F-11D3-BF4B-00C04F79EFBC}") = "Shardis.Benchmarks", "benchmarks\Shardis.Benchmarks.csproj", "{50F5C706-A123-46CC-9765-3C8FC1E333EF}"
EndProject
Project("{FAE04EC0-301F-11D3-BF4B-00C04F79EFBC}") = "Shardis.Migration.Durable.Sample", "samples\Shardis.Migration.Durable.Sample\Shardis.Migration.Durable.Sample.csproj", "{7C15CFC7-EBAB-412F-AAC2-87129FEC9FFC}"
EndProject
Global
	GlobalSection(SolutionConfigurationPlatforms) = preSolution
		Debug|Any CPU = Debug|Any CPU
		Debug|x64 = Debug|x64
		Debug|x86 = Debug|x86
		Release|Any CPU = Release|Any CPU
		Release|x64 = Release|x64
		Release|x86 = Release|x86
	EndGlobalSection
	GlobalSection(ProjectConfigurationPlatforms) = postSolution
		{9C3C6394-FBEB-4904-839F-2B06C809C39F}.Debug|Any CPU.ActiveCfg = Debug|Any CPU
		{9C3C6394-FBEB-4904-839F-2B06C809C39F}.Debug|Any CPU.Build.0 = Debug|Any CPU
		{9C3C6394-FBEB-4904-839F-2B06C809C39F}.Debug|x64.ActiveCfg = Debug|Any CPU
		{9C3C6394-FBEB-4904-839F-2B06C809C39F}.Debug|x64.Build.0 = Debug|Any CPU
		{9C3C6394-FBEB-4904-839F-2B06C809C39F}.Debug|x86.ActiveCfg = Debug|Any CPU
		{9C3C6394-FBEB-4904-839F-2B06C809C39F}.Debug|x86.Build.0 = Debug|Any CPU
		{9C3C6394-FBEB-4904-839F-2B06C809C39F}.Release|Any CPU.ActiveCfg = Release|Any CPU
		{9C3C6394-FBEB-4904-839F-2B06C809C39F}.Release|Any CPU.Build.0 = Release|Any CPU
		{9C3C6394-FBEB-4904-839F-2B06C809C39F}.Release|x64.ActiveCfg = Release|Any CPU
		{9C3C6394-FBEB-4904-839F-2B06C809C39F}.Release|x64.Build.0 = Release|Any CPU
		{9C3C6394-FBEB-4904-839F-2B06C809C39F}.Release|x86.ActiveCfg = Release|Any CPU
		{9C3C6394-FBEB-4904-839F-2B06C809C39F}.Release|x86.Build.0 = Release|Any CPU
		{E2A83A01-6DBD-4A5B-8FFC-9C70114EF07D}.Debug|Any CPU.ActiveCfg = Debug|Any CPU
		{E2A83A01-6DBD-4A5B-8FFC-9C70114EF07D}.Debug|Any CPU.Build.0 = Debug|Any CPU
		{E2A83A01-6DBD-4A5B-8FFC-9C70114EF07D}.Debug|x64.ActiveCfg = Debug|Any CPU
		{E2A83A01-6DBD-4A5B-8FFC-9C70114EF07D}.Debug|x64.Build.0 = Debug|Any CPU
		{E2A83A01-6DBD-4A5B-8FFC-9C70114EF07D}.Debug|x86.ActiveCfg = Debug|Any CPU
		{E2A83A01-6DBD-4A5B-8FFC-9C70114EF07D}.Debug|x86.Build.0 = Debug|Any CPU
		{E2A83A01-6DBD-4A5B-8FFC-9C70114EF07D}.Release|Any CPU.ActiveCfg = Release|Any CPU
		{E2A83A01-6DBD-4A5B-8FFC-9C70114EF07D}.Release|Any CPU.Build.0 = Release|Any CPU
		{E2A83A01-6DBD-4A5B-8FFC-9C70114EF07D}.Release|x64.ActiveCfg = Release|Any CPU
		{E2A83A01-6DBD-4A5B-8FFC-9C70114EF07D}.Release|x64.Build.0 = Release|Any CPU
		{E2A83A01-6DBD-4A5B-8FFC-9C70114EF07D}.Release|x86.ActiveCfg = Release|Any CPU
		{E2A83A01-6DBD-4A5B-8FFC-9C70114EF07D}.Release|x86.Build.0 = Release|Any CPU
		{D6B7690E-6131-496F-BA89-71ADAD62BCC9}.Debug|Any CPU.ActiveCfg = Debug|Any CPU
		{D6B7690E-6131-496F-BA89-71ADAD62BCC9}.Debug|Any CPU.Build.0 = Debug|Any CPU
		{D6B7690E-6131-496F-BA89-71ADAD62BCC9}.Debug|x64.ActiveCfg = Debug|Any CPU
		{D6B7690E-6131-496F-BA89-71ADAD62BCC9}.Debug|x64.Build.0 = Debug|Any CPU
		{D6B7690E-6131-496F-BA89-71ADAD62BCC9}.Debug|x86.ActiveCfg = Debug|Any CPU
		{D6B7690E-6131-496F-BA89-71ADAD62BCC9}.Debug|x86.Build.0 = Debug|Any CPU
		{D6B7690E-6131-496F-BA89-71ADAD62BCC9}.Release|Any CPU.ActiveCfg = Release|Any CPU
		{D6B7690E-6131-496F-BA89-71ADAD62BCC9}.Release|Any CPU.Build.0 = Release|Any CPU
		{D6B7690E-6131-496F-BA89-71ADAD62BCC9}.Release|x64.ActiveCfg = Release|Any CPU
		{D6B7690E-6131-496F-BA89-71ADAD62BCC9}.Release|x64.Build.0 = Release|Any CPU
		{D6B7690E-6131-496F-BA89-71ADAD62BCC9}.Release|x86.ActiveCfg = Release|Any CPU
		{D6B7690E-6131-496F-BA89-71ADAD62BCC9}.Release|x86.Build.0 = Release|Any CPU
		{5A99A87B-3FE1-421E-ABE3-DC23F6DD6283}.Debug|Any CPU.ActiveCfg = Debug|Any CPU
		{5A99A87B-3FE1-421E-ABE3-DC23F6DD6283}.Debug|Any CPU.Build.0 = Debug|Any CPU
		{5A99A87B-3FE1-421E-ABE3-DC23F6DD6283}.Debug|x64.ActiveCfg = Debug|Any CPU
		{5A99A87B-3FE1-421E-ABE3-DC23F6DD6283}.Debug|x64.Build.0 = Debug|Any CPU
		{5A99A87B-3FE1-421E-ABE3-DC23F6DD6283}.Debug|x86.ActiveCfg = Debug|Any CPU
		{5A99A87B-3FE1-421E-ABE3-DC23F6DD6283}.Debug|x86.Build.0 = Debug|Any CPU
		{5A99A87B-3FE1-421E-ABE3-DC23F6DD6283}.Release|Any CPU.ActiveCfg = Release|Any CPU
		{5A99A87B-3FE1-421E-ABE3-DC23F6DD6283}.Release|Any CPU.Build.0 = Release|Any CPU
		{5A99A87B-3FE1-421E-ABE3-DC23F6DD6283}.Release|x64.ActiveCfg = Release|Any CPU
		{5A99A87B-3FE1-421E-ABE3-DC23F6DD6283}.Release|x64.Build.0 = Release|Any CPU
		{5A99A87B-3FE1-421E-ABE3-DC23F6DD6283}.Release|x86.ActiveCfg = Release|Any CPU
		{5A99A87B-3FE1-421E-ABE3-DC23F6DD6283}.Release|x86.Build.0 = Release|Any CPU
		{A7C28537-CB12-4804-AE20-475DBB48E6DF}.Debug|Any CPU.ActiveCfg = Debug|Any CPU
		{A7C28537-CB12-4804-AE20-475DBB48E6DF}.Debug|Any CPU.Build.0 = Debug|Any CPU
		{A7C28537-CB12-4804-AE20-475DBB48E6DF}.Debug|x64.ActiveCfg = Debug|Any CPU
		{A7C28537-CB12-4804-AE20-475DBB48E6DF}.Debug|x64.Build.0 = Debug|Any CPU
		{A7C28537-CB12-4804-AE20-475DBB48E6DF}.Debug|x86.ActiveCfg = Debug|Any CPU
		{A7C28537-CB12-4804-AE20-475DBB48E6DF}.Debug|x86.Build.0 = Debug|Any CPU
		{A7C28537-CB12-4804-AE20-475DBB48E6DF}.Release|Any CPU.ActiveCfg = Release|Any CPU
		{A7C28537-CB12-4804-AE20-475DBB48E6DF}.Release|Any CPU.Build.0 = Release|Any CPU
		{A7C28537-CB12-4804-AE20-475DBB48E6DF}.Release|x64.ActiveCfg = Release|Any CPU
		{A7C28537-CB12-4804-AE20-475DBB48E6DF}.Release|x64.Build.0 = Release|Any CPU
		{A7C28537-CB12-4804-AE20-475DBB48E6DF}.Release|x86.ActiveCfg = Release|Any CPU
		{A7C28537-CB12-4804-AE20-475DBB48E6DF}.Release|x86.Build.0 = Release|Any CPU
		{2CB704CB-6B17-411B-86C2-8794553643D1}.Debug|Any CPU.ActiveCfg = Debug|Any CPU
		{2CB704CB-6B17-411B-86C2-8794553643D1}.Debug|Any CPU.Build.0 = Debug|Any CPU
		{2CB704CB-6B17-411B-86C2-8794553643D1}.Debug|x64.ActiveCfg = Debug|Any CPU
		{2CB704CB-6B17-411B-86C2-8794553643D1}.Debug|x64.Build.0 = Debug|Any CPU
		{2CB704CB-6B17-411B-86C2-8794553643D1}.Debug|x86.ActiveCfg = Debug|Any CPU
		{2CB704CB-6B17-411B-86C2-8794553643D1}.Debug|x86.Build.0 = Debug|Any CPU
		{2CB704CB-6B17-411B-86C2-8794553643D1}.Release|Any CPU.ActiveCfg = Release|Any CPU
		{2CB704CB-6B17-411B-86C2-8794553643D1}.Release|Any CPU.Build.0 = Release|Any CPU
		{2CB704CB-6B17-411B-86C2-8794553643D1}.Release|x64.ActiveCfg = Release|Any CPU
		{2CB704CB-6B17-411B-86C2-8794553643D1}.Release|x64.Build.0 = Release|Any CPU
		{2CB704CB-6B17-411B-86C2-8794553643D1}.Release|x86.ActiveCfg = Release|Any CPU
		{2CB704CB-6B17-411B-86C2-8794553643D1}.Release|x86.Build.0 = Release|Any CPU
		{FAF7AD58-7FA6-4053-99C1-92E597AF8FB7}.Debug|Any CPU.ActiveCfg = Debug|Any CPU
		{FAF7AD58-7FA6-4053-99C1-92E597AF8FB7}.Debug|Any CPU.Build.0 = Debug|Any CPU
		{FAF7AD58-7FA6-4053-99C1-92E597AF8FB7}.Debug|x64.ActiveCfg = Debug|Any CPU
		{FAF7AD58-7FA6-4053-99C1-92E597AF8FB7}.Debug|x64.Build.0 = Debug|Any CPU
		{FAF7AD58-7FA6-4053-99C1-92E597AF8FB7}.Debug|x86.ActiveCfg = Debug|Any CPU
		{FAF7AD58-7FA6-4053-99C1-92E597AF8FB7}.Debug|x86.Build.0 = Debug|Any CPU
		{FAF7AD58-7FA6-4053-99C1-92E597AF8FB7}.Release|Any CPU.ActiveCfg = Release|Any CPU
		{FAF7AD58-7FA6-4053-99C1-92E597AF8FB7}.Release|Any CPU.Build.0 = Release|Any CPU
		{FAF7AD58-7FA6-4053-99C1-92E597AF8FB7}.Release|x64.ActiveCfg = Release|Any CPU
		{FAF7AD58-7FA6-4053-99C1-92E597AF8FB7}.Release|x64.Build.0 = Release|Any CPU
		{FAF7AD58-7FA6-4053-99C1-92E597AF8FB7}.Release|x86.ActiveCfg = Release|Any CPU
		{FAF7AD58-7FA6-4053-99C1-92E597AF8FB7}.Release|x86.Build.0 = Release|Any CPU
		{67FC1D03-DE46-41F7-BEA2-3A4001B086FA}.Debug|Any CPU.ActiveCfg = Debug|Any CPU
		{67FC1D03-DE46-41F7-BEA2-3A4001B086FA}.Debug|Any CPU.Build.0 = Debug|Any CPU
		{67FC1D03-DE46-41F7-BEA2-3A4001B086FA}.Debug|x64.ActiveCfg = Debug|Any CPU
		{67FC1D03-DE46-41F7-BEA2-3A4001B086FA}.Debug|x64.Build.0 = Debug|Any CPU
		{67FC1D03-DE46-41F7-BEA2-3A4001B086FA}.Debug|x86.ActiveCfg = Debug|Any CPU
		{67FC1D03-DE46-41F7-BEA2-3A4001B086FA}.Debug|x86.Build.0 = Debug|Any CPU
		{67FC1D03-DE46-41F7-BEA2-3A4001B086FA}.Release|Any CPU.ActiveCfg = Release|Any CPU
		{67FC1D03-DE46-41F7-BEA2-3A4001B086FA}.Release|Any CPU.Build.0 = Release|Any CPU
		{67FC1D03-DE46-41F7-BEA2-3A4001B086FA}.Release|x64.ActiveCfg = Release|Any CPU
		{67FC1D03-DE46-41F7-BEA2-3A4001B086FA}.Release|x64.Build.0 = Release|Any CPU
		{67FC1D03-DE46-41F7-BEA2-3A4001B086FA}.Release|x86.ActiveCfg = Release|Any CPU
		{67FC1D03-DE46-41F7-BEA2-3A4001B086FA}.Release|x86.Build.0 = Release|Any CPU
		{20DB065B-91D2-4C32-9AEA-CA93FCF67EF1}.Debug|Any CPU.ActiveCfg = Debug|Any CPU
		{20DB065B-91D2-4C32-9AEA-CA93FCF67EF1}.Debug|Any CPU.Build.0 = Debug|Any CPU
		{20DB065B-91D2-4C32-9AEA-CA93FCF67EF1}.Debug|x64.ActiveCfg = Debug|Any CPU
		{20DB065B-91D2-4C32-9AEA-CA93FCF67EF1}.Debug|x64.Build.0 = Debug|Any CPU
		{20DB065B-91D2-4C32-9AEA-CA93FCF67EF1}.Debug|x86.ActiveCfg = Debug|Any CPU
		{20DB065B-91D2-4C32-9AEA-CA93FCF67EF1}.Debug|x86.Build.0 = Debug|Any CPU
		{20DB065B-91D2-4C32-9AEA-CA93FCF67EF1}.Release|Any CPU.ActiveCfg = Release|Any CPU
		{20DB065B-91D2-4C32-9AEA-CA93FCF67EF1}.Release|Any CPU.Build.0 = Release|Any CPU
		{20DB065B-91D2-4C32-9AEA-CA93FCF67EF1}.Release|x64.ActiveCfg = Release|Any CPU
		{20DB065B-91D2-4C32-9AEA-CA93FCF67EF1}.Release|x64.Build.0 = Release|Any CPU
		{20DB065B-91D2-4C32-9AEA-CA93FCF67EF1}.Release|x86.ActiveCfg = Release|Any CPU
		{20DB065B-91D2-4C32-9AEA-CA93FCF67EF1}.Release|x86.Build.0 = Release|Any CPU
		{A1F0E6D9-5E3E-4E1A-9E1C-5F2C0B5B7C11}.Debug|Any CPU.ActiveCfg = Debug|Any CPU
		{A1F0E6D9-5E3E-4E1A-9E1C-5F2C0B5B7C11}.Debug|Any CPU.Build.0 = Debug|Any CPU
		{A1F0E6D9-5E3E-4E1A-9E1C-5F2C0B5B7C11}.Debug|x64.ActiveCfg = Debug|Any CPU
		{A1F0E6D9-5E3E-4E1A-9E1C-5F2C0B5B7C11}.Debug|x64.Build.0 = Debug|Any CPU
		{A1F0E6D9-5E3E-4E1A-9E1C-5F2C0B5B7C11}.Debug|x86.ActiveCfg = Debug|Any CPU
		{A1F0E6D9-5E3E-4E1A-9E1C-5F2C0B5B7C11}.Debug|x86.Build.0 = Debug|Any CPU
		{A1F0E6D9-5E3E-4E1A-9E1C-5F2C0B5B7C11}.Release|Any CPU.ActiveCfg = Release|Any CPU
		{A1F0E6D9-5E3E-4E1A-9E1C-5F2C0B5B7C11}.Release|Any CPU.Build.0 = Release|Any CPU
		{A1F0E6D9-5E3E-4E1A-9E1C-5F2C0B5B7C11}.Release|x64.ActiveCfg = Release|Any CPU
		{A1F0E6D9-5E3E-4E1A-9E1C-5F2C0B5B7C11}.Release|x64.Build.0 = Release|Any CPU
		{A1F0E6D9-5E3E-4E1A-9E1C-5F2C0B5B7C11}.Release|x86.ActiveCfg = Release|Any CPU
		{A1F0E6D9-5E3E-4E1A-9E1C-5F2C0B5B7C11}.Release|x86.Build.0 = Release|Any CPU
		{0BA55295-2A34-49C3-8A42-D47860996D1F}.Debug|Any CPU.ActiveCfg = Debug|Any CPU
		{0BA55295-2A34-49C3-8A42-D47860996D1F}.Debug|Any CPU.Build.0 = Debug|Any CPU
		{0BA55295-2A34-49C3-8A42-D47860996D1F}.Debug|x64.ActiveCfg = Debug|Any CPU
		{0BA55295-2A34-49C3-8A42-D47860996D1F}.Debug|x64.Build.0 = Debug|Any CPU
		{0BA55295-2A34-49C3-8A42-D47860996D1F}.Debug|x86.ActiveCfg = Debug|Any CPU
		{0BA55295-2A34-49C3-8A42-D47860996D1F}.Debug|x86.Build.0 = Debug|Any CPU
		{0BA55295-2A34-49C3-8A42-D47860996D1F}.Release|Any CPU.ActiveCfg = Release|Any CPU
		{0BA55295-2A34-49C3-8A42-D47860996D1F}.Release|Any CPU.Build.0 = Release|Any CPU
		{0BA55295-2A34-49C3-8A42-D47860996D1F}.Release|x64.ActiveCfg = Release|Any CPU
		{0BA55295-2A34-49C3-8A42-D47860996D1F}.Release|x64.Build.0 = Release|Any CPU
		{0BA55295-2A34-49C3-8A42-D47860996D1F}.Release|x86.ActiveCfg = Release|Any CPU
		{0BA55295-2A34-49C3-8A42-D47860996D1F}.Release|x86.Build.0 = Release|Any CPU
		{D3100275-DB02-4432-912C-4C16CB254092}.Debug|Any CPU.ActiveCfg = Debug|Any CPU
		{D3100275-DB02-4432-912C-4C16CB254092}.Debug|Any CPU.Build.0 = Debug|Any CPU
		{D3100275-DB02-4432-912C-4C16CB254092}.Debug|x64.ActiveCfg = Debug|Any CPU
		{D3100275-DB02-4432-912C-4C16CB254092}.Debug|x64.Build.0 = Debug|Any CPU
		{D3100275-DB02-4432-912C-4C16CB254092}.Debug|x86.ActiveCfg = Debug|Any CPU
		{D3100275-DB02-4432-912C-4C16CB254092}.Debug|x86.Build.0 = Debug|Any CPU
		{D3100275-DB02-4432-912C-4C16CB254092}.Release|Any CPU.ActiveCfg = Release|Any CPU
		{D3100275-DB02-4432-912C-4C16CB254092}.Release|Any CPU.Build.0 = Release|Any CPU
		{D3100275-DB02-4432-912C-4C16CB254092}.Release|x64.ActiveCfg = Release|Any CPU
		{D3100275-DB02-4432-912C-4C16CB254092}.Release|x64.Build.0 = Release|Any CPU
		{D3100275-DB02-4432-912C-4C16CB254092}.Release|x86.ActiveCfg = Release|Any CPU
		{D3100275-DB02-4432-912C-4C16CB254092}.Release|x86.Build.0 = Release|Any CPU
		{5F22672A-896E-4E7B-9157-EF0F8D0409BF}.Debug|Any CPU.ActiveCfg = Debug|Any CPU
		{5F22672A-896E-4E7B-9157-EF0F8D0409BF}.Debug|Any CPU.Build.0 = Debug|Any CPU
		{5F22672A-896E-4E7B-9157-EF0F8D0409BF}.Debug|x64.ActiveCfg = Debug|Any CPU
		{5F22672A-896E-4E7B-9157-EF0F8D0409BF}.Debug|x64.Build.0 = Debug|Any CPU
		{5F22672A-896E-4E7B-9157-EF0F8D0409BF}.Debug|x86.ActiveCfg = Debug|Any CPU
		{5F22672A-896E-4E7B-9157-EF0F8D0409BF}.Debug|x86.Build.0 = Debug|Any CPU
		{5F22672A-896E-4E7B-9157-EF0F8D0409BF}.Release|Any CPU.ActiveCfg = Release|Any CPU
		{5F22672A-896E-4E7B-9157-EF0F8D0409BF}.Release|Any CPU.Build.0 = Release|Any CPU
		{5F22672A-896E-4E7B-9157-EF0F8D0409BF}.Release|x64.ActiveCfg = Release|Any CPU
		{5F22672A-896E-4E7B-9157-EF0F8D0409BF}.Release|x64.Build.0 = Release|Any CPU
		{5F22672A-896E-4E7B-9157-EF0F8D0409BF}.Release|x86.ActiveCfg = Release|Any CPU
		{5F22672A-896E-4E7B-9157-EF0F8D0409BF}.Release|x86.Build.0 = Release|Any CPU
		{921173D4-A118-45FD-B5CF-35824C0128A2}.Debug|Any CPU.ActiveCfg = Debug|Any CPU
		{921173D4-A118-45FD-B5CF-35824C0128A2}.Debug|Any CPU.Build.0 = Debug|Any CPU
		{921173D4-A118-45FD-B5CF-35824C0128A2}.Debug|x64.ActiveCfg = Debug|Any CPU
		{921173D4-A118-45FD-B5CF-35824C0128A2}.Debug|x64.Build.0 = Debug|Any CPU
		{921173D4-A118-45FD-B5CF-35824C0128A2}.Debug|x86.ActiveCfg = Debug|Any CPU
		{921173D4-A118-45FD-B5CF-35824C0128A2}.Debug|x86.Build.0 = Debug|Any CPU
		{921173D4-A118-45FD-B5CF-35824C0128A2}.Release|Any CPU.ActiveCfg = Release|Any CPU
		{921173D4-A118-45FD-B5CF-35824C0128A2}.Release|Any CPU.Build.0 = Release|Any CPU
		{921173D4-A118-45FD-B5CF-35824C0128A2}.Release|x64.ActiveCfg = Release|Any CPU
		{921173D4-A118-45FD-B5CF-35824C0128A2}.Release|x64.Build.0 = Release|Any CPU
		{921173D4-A118-45FD-B5CF-35824C0128A2}.Release|x86.ActiveCfg = Release|Any CPU
		{921173D4-A118-45FD-B5CF-35824C0128A2}.Release|x86.Build.0 = Release|Any CPU
		{5E263EC9-574D-4EB9-97AF-3C21548DA044}.Debug|Any CPU.ActiveCfg = Debug|Any CPU
		{5E263EC9-574D-4EB9-97AF-3C21548DA044}.Debug|Any CPU.Build.0 = Debug|Any CPU
		{5E263EC9-574D-4EB9-97AF-3C21548DA044}.Debug|x64.ActiveCfg = Debug|Any CPU
		{5E263EC9-574D-4EB9-97AF-3C21548DA044}.Debug|x64.Build.0 = Debug|Any CPU
		{5E263EC9-574D-4EB9-97AF-3C21548DA044}.Debug|x86.ActiveCfg = Debug|Any CPU
		{5E263EC9-574D-4EB9-97AF-3C21548DA044}.Debug|x86.Build.0 = Debug|Any CPU
		{5E263EC9-574D-4EB9-97AF-3C21548DA044}.Release|Any CPU.ActiveCfg = Release|Any CPU
		{5E263EC9-574D-4EB9-97AF-3C21548DA044}.Release|Any CPU.Build.0 = Release|Any CPU
		{5E263EC9-574D-4EB9-97AF-3C21548DA044}.Release|x64.ActiveCfg = Release|Any CPU
		{5E263EC9-574D-4EB9-97AF-3C21548DA044}.Release|x64.Build.0 = Release|Any CPU
		{5E263EC9-574D-4EB9-97AF-3C21548DA044}.Release|x86.ActiveCfg = Release|Any CPU
		{5E263EC9-574D-4EB9-97AF-3C21548DA044}.Release|x86.Build.0 = Release|Any CPU
		{0E55E8F7-39F4-42A9-A795-E547C0BEF34E}.Debug|Any CPU.ActiveCfg = Debug|Any CPU
		{0E55E8F7-39F4-42A9-A795-E547C0BEF34E}.Debug|Any CPU.Build.0 = Debug|Any CPU
		{0E55E8F7-39F4-42A9-A795-E547C0BEF34E}.Debug|x64.ActiveCfg = Debug|Any CPU
		{0E55E8F7-39F4-42A9-A795-E547C0BEF34E}.Debug|x64.Build.0 = Debug|Any CPU
		{0E55E8F7-39F4-42A9-A795-E547C0BEF34E}.Debug|x86.ActiveCfg = Debug|Any CPU
		{0E55E8F7-39F4-42A9-A795-E547C0BEF34E}.Debug|x86.Build.0 = Debug|Any CPU
		{0E55E8F7-39F4-42A9-A795-E547C0BEF34E}.Release|Any CPU.ActiveCfg = Release|Any CPU
		{0E55E8F7-39F4-42A9-A795-E547C0BEF34E}.Release|Any CPU.Build.0 = Release|Any CPU
		{0E55E8F7-39F4-42A9-A795-E547C0BEF34E}.Release|x64.ActiveCfg = Release|Any CPU
		{0E55E8F7-39F4-42A9-A795-E547C0BEF34E}.Release|x64.Build.0 = Release|Any CPU
		{0E55E8F7-39F4-42A9-A795-E547C0BEF34E}.Release|x86.ActiveCfg = Release|Any CPU
		{0E55E8F7-39F4-42A9-A795-E547C0BEF34E}.Release|x86.Build.0 = Release|Any CPU
		{2C30C18C-C4E7-45CD-9138-8C30A6606F17}.Debug|Any CPU.ActiveCfg = Debug|Any CPU
		{2C30C18C-C4E7-45CD-9138-8C30A6606F17}.Debug|Any CPU.Build.0 = Debug|Any CPU
		{2C30C18C-C4E7-45CD-9138-8C30A6606F17}.Debug|x64.ActiveCfg = Debug|Any CPU
		{2C30C18C-C4E7-45CD-9138-8C30A6606F17}.Debug|x64.Build.0 = Debug|Any CPU
		{2C30C18C-C4E7-45CD-9138-8C30A6606F17}.Debug|x86.ActiveCfg = Debug|Any CPU
		{2C30C18C-C4E7-45CD-9138-8C30A6606F17}.Debug|x86.Build.0 = Debug|Any CPU
		{2C30C18C-C4E7-45CD-9138-8C30A6606F17}.Release|Any CPU.ActiveCfg = Release|Any CPU
		{2C30C18C-C4E7-45CD-9138-8C30A6606F17}.Release|Any CPU.Build.0 = Release|Any CPU
		{2C30C18C-C4E7-45CD-9138-8C30A6606F17}.Release|x64.ActiveCfg = Release|Any CPU
		{2C30C18C-C4E7-45CD-9138-8C30A6606F17}.Release|x64.Build.0 = Release|Any CPU
		{2C30C18C-C4E7-45CD-9138-8C30A6606F17}.Release|x86.ActiveCfg = Release|Any CPU
		{2C30C18C-C4E7-45CD-9138-8C30A6606F17}.Release|x86.Build.0 = Release|Any CPU
		{74CD7828-4D65-4DE9-875E-6A007E867FF4}.Debug|Any CPU.ActiveCfg = Debug|Any CPU
		{74CD7828-4D65-4DE9-875E-6A007E867FF4}.Debug|Any CPU.Build.0 = Debug|Any CPU
		{74CD7828-4D65-4DE9-875E-6A007E867FF4}.Debug|x64.ActiveCfg = Debug|Any CPU
		{74CD7828-4D65-4DE9-875E-6A007E867FF4}.Debug|x64.Build.0 = Debug|Any CPU
		{74CD7828-4D65-4DE9-875E-6A007E867FF4}.Debug|x86.ActiveCfg = Debug|Any CPU
		{74CD7828-4D65-4DE9-875E-6A007E867FF4}.Debug|x86.Build.0 = Debug|Any CPU
		{74CD7828-4D65-4DE9-875E-6A007E867FF4}.Release|Any CPU.ActiveCfg = Release|Any CPU
		{74CD7828-4D65-4DE9-875E-6A007E867FF4}.Release|Any CPU.Build.0 = Release|Any CPU
		{74CD7828-4D65-4DE9-875E-6A007E867FF4}.Release|x64.ActiveCfg = Release|Any CPU
		{74CD7828-4D65-4DE9-875E-6A007E867FF4}.Release|x64.Build.0 = Release|Any CPU
		{74CD7828-4D65-4DE9-875E-6A007E867FF4}.Release|x86.ActiveCfg = Release|Any CPU
		{74CD7828-4D65-4DE9-875E-6A007E867FF4}.Release|x86.Build.0 = Release|Any CPU
		{9E0C7F4C-7B9D-4F2D-AE3E-3E4F7C3A9A11}.Debug|Any CPU.ActiveCfg = Debug|Any CPU
		{9E0C7F4C-7B9D-4F2D-AE3E-3E4F7C3A9A11}.Debug|Any CPU.Build.0 = Debug|Any CPU
		{9E0C7F4C-7B9D-4F2D-AE3E-3E4F7C3A9A11}.Debug|x64.ActiveCfg = Debug|Any CPU
		{9E0C7F4C-7B9D-4F2D-AE3E-3E4F7C3A9A11}.Debug|x64.Build.0 = Debug|Any CPU
		{9E0C7F4C-7B9D-4F2D-AE3E-3E4F7C3A9A11}.Debug|x86.ActiveCfg = Debug|Any CPU
		{9E0C7F4C-7B9D-4F2D-AE3E-3E4F7C3A9A11}.Debug|x86.Build.0 = Debug|Any CPU
		{9E0C7F4C-7B9D-4F2D-AE3E-3E4F7C3A9A11}.Release|Any CPU.ActiveCfg = Release|Any CPU
		{9E0C7F4C-7B9D-4F2D-AE3E-3E4F7C3A9A11}.Release|Any CPU.Build.0 = Release|Any CPU
		{9E0C7F4C-7B9D-4F2D-AE3E-3E4F7C3A9A11}.Release|x64.ActiveCfg = Release|Any CPU
		{9E0C7F4C-7B9D-4F2D-AE3E-3E4F7C3A9A11}.Release|x64.Build.0 = Release|Any CPU
		{9E0C7F4C-7B9D-4F2D-AE3E-3E4F7C3A9A11}.Release|x86.ActiveCfg = Release|Any CPU
		{9E0C7F4C-7B9D-4F2D-AE3E-3E4F7C3A9A11}.Release|x86.Build.0 = Release|Any CPU
		{6B390F0B-A36C-4FAC-8EE3-AF9CAB4ECDFF}.Debug|Any CPU.ActiveCfg = Debug|Any CPU
		{6B390F0B-A36C-4FAC-8EE3-AF9CAB4ECDFF}.Debug|Any CPU.Build.0 = Debug|Any CPU
		{6B390F0B-A36C-4FAC-8EE3-AF9CAB4ECDFF}.Debug|x64.ActiveCfg = Debug|Any CPU
		{6B390F0B-A36C-4FAC-8EE3-AF9CAB4ECDFF}.Debug|x64.Build.0 = Debug|Any CPU
		{6B390F0B-A36C-4FAC-8EE3-AF9CAB4ECDFF}.Debug|x86.ActiveCfg = Debug|Any CPU
		{6B390F0B-A36C-4FAC-8EE3-AF9CAB4ECDFF}.Debug|x86.Build.0 = Debug|Any CPU
		{6B390F0B-A36C-4FAC-8EE3-AF9CAB4ECDFF}.Release|Any CPU.ActiveCfg = Release|Any CPU
		{6B390F0B-A36C-4FAC-8EE3-AF9CAB4ECDFF}.Release|Any CPU.Build.0 = Release|Any CPU
		{6B390F0B-A36C-4FAC-8EE3-AF9CAB4ECDFF}.Release|x64.ActiveCfg = Release|Any CPU
		{6B390F0B-A36C-4FAC-8EE3-AF9CAB4ECDFF}.Release|x64.Build.0 = Release|Any CPU
		{6B390F0B-A36C-4FAC-8EE3-AF9CAB4ECDFF}.Release|x86.ActiveCfg = Release|Any CPU
		{6B390F0B-A36C-4FAC-8EE3-AF9CAB4ECDFF}.Release|x86.Build.0 = Release|Any CPU
		{A2565C9D-FC73-4A6C-B0F5-21FB7ADA96D8}.Debug|Any CPU.ActiveCfg = Debug|Any CPU
		{A2565C9D-FC73-4A6C-B0F5-21FB7ADA96D8}.Debug|Any CPU.Build.0 = Debug|Any CPU
		{A2565C9D-FC73-4A6C-B0F5-21FB7ADA96D8}.Debug|x64.ActiveCfg = Debug|Any CPU
		{A2565C9D-FC73-4A6C-B0F5-21FB7ADA96D8}.Debug|x64.Build.0 = Debug|Any CPU
		{A2565C9D-FC73-4A6C-B0F5-21FB7ADA96D8}.Debug|x86.ActiveCfg = Debug|Any CPU
		{A2565C9D-FC73-4A6C-B0F5-21FB7ADA96D8}.Debug|x86.Build.0 = Debug|Any CPU
		{A2565C9D-FC73-4A6C-B0F5-21FB7ADA96D8}.Release|Any CPU.ActiveCfg = Release|Any CPU
		{A2565C9D-FC73-4A6C-B0F5-21FB7ADA96D8}.Release|Any CPU.Build.0 = Release|Any CPU
		{A2565C9D-FC73-4A6C-B0F5-21FB7ADA96D8}.Release|x64.ActiveCfg = Release|Any CPU
		{A2565C9D-FC73-4A6C-B0F5-21FB7ADA96D8}.Release|x64.Build.0 = Release|Any CPU
		{A2565C9D-FC73-4A6C-B0F5-21FB7ADA96D8}.Release|x86.ActiveCfg = Release|Any CPU
		{A2565C9D-FC73-4A6C-B0F5-21FB7ADA96D8}.Release|x86.Build.0 = Release|Any CPU
		{43F6D6B0-AFAE-4F34-B5AC-2A6B3209C33F}.Debug|Any CPU.ActiveCfg = Debug|Any CPU
		{43F6D6B0-AFAE-4F34-B5AC-2A6B3209C33F}.Debug|Any CPU.Build.0 = Debug|Any CPU
		{43F6D6B0-AFAE-4F34-B5AC-2A6B3209C33F}.Debug|x64.ActiveCfg = Debug|Any CPU
		{43F6D6B0-AFAE-4F34-B5AC-2A6B3209C33F}.Debug|x64.Build.0 = Debug|Any CPU
		{43F6D6B0-AFAE-4F34-B5AC-2A6B3209C33F}.Debug|x86.ActiveCfg = Debug|Any CPU
		{43F6D6B0-AFAE-4F34-B5AC-2A6B3209C33F}.Debug|x86.Build.0 = Debug|Any CPU
		{43F6D6B0-AFAE-4F34-B5AC-2A6B3209C33F}.Release|Any CPU.ActiveCfg = Release|Any CPU
		{43F6D6B0-AFAE-4F34-B5AC-2A6B3209C33F}.Release|Any CPU.Build.0 = Release|Any CPU
		{43F6D6B0-AFAE-4F34-B5AC-2A6B3209C33F}.Release|x64.ActiveCfg = Release|Any CPU
		{43F6D6B0-AFAE-4F34-B5AC-2A6B3209C33F}.Release|x64.Build.0 = Release|Any CPU
		{43F6D6B0-AFAE-4F34-B5AC-2A6B3209C33F}.Release|x86.ActiveCfg = Release|Any CPU
		{43F6D6B0-AFAE-4F34-B5AC-2A6B3209C33F}.Release|x86.Build.0 = Release|Any CPU
		{E3DD65D9-9BC4-4CB2-B2FF-89F9C3029DFF}.Debug|Any CPU.ActiveCfg = Debug|Any CPU
		{E3DD65D9-9BC4-4CB2-B2FF-89F9C3029DFF}.Debug|Any CPU.Build.0 = Debug|Any CPU
		{E3DD65D9-9BC4-4CB2-B2FF-89F9C3029DFF}.Debug|x64.ActiveCfg = Debug|Any CPU
		{E3DD65D9-9BC4-4CB2-B2FF-89F9C3029DFF}.Debug|x64.Build.0 = Debug|Any CPU
		{E3DD65D9-9BC4-4CB2-B2FF-89F9C3029DFF}.Debug|x86.ActiveCfg = Debug|Any CPU
		{E3DD65D9-9BC4-4CB2-B2FF-89F9C3029DFF}.Debug|x86.Build.0 = Debug|Any CPU
		{E3DD65D9-9BC4-4CB2-B2FF-89F9C3029DFF}.Release|Any CPU.ActiveCfg = Release|Any CPU
		{E3DD65D9-9BC4-4CB2-B2FF-89F9C3029DFF}.Release|Any CPU.Build.0 = Release|Any CPU
		{E3DD65D9-9BC4-4CB2-B2FF-89F9C3029DFF}.Release|x64.ActiveCfg = Release|Any CPU
		{E3DD65D9-9BC4-4CB2-B2FF-89F9C3029DFF}.Release|x64.Build.0 = Release|Any CPU
		{E3DD65D9-9BC4-4CB2-B2FF-89F9C3029DFF}.Release|x86.ActiveCfg = Release|Any CPU
		{E3DD65D9-9BC4-4CB2-B2FF-89F9C3029DFF}.Release|x86.Build.0 = Release|Any CPU
		{7231FC4C-87F6-4206-A3DE-30F262EAC51B}.Debug|Any CPU.ActiveCfg = Debug|Any CPU
		{7231FC4C-87F6-4206-A3DE-30F262EAC51B}.Debug|Any CPU.Build.0 = Debug|Any CPU
		{7231FC4C-87F6-4206-A3DE-30F262EAC51B}.Debug|x64.ActiveCfg = Debug|Any CPU
		{7231FC4C-87F6-4206-A3DE-30F262EAC51B}.Debug|x64.Build.0 = Debug|Any CPU
		{7231FC4C-87F6-4206-A3DE-30F262EAC51B}.Debug|x86.ActiveCfg = Debug|Any CPU
		{7231FC4C-87F6-4206-A3DE-30F262EAC51B}.Debug|x86.Build.0 = Debug|Any CPU
		{7231FC4C-87F6-4206-A3DE-30F262EAC51B}.Release|Any CPU.ActiveCfg = Release|Any CPU
		{7231FC4C-87F6-4206-A3DE-30F262EAC51B}.Release|Any CPU.Build.0 = Release|Any CPU
		{7231FC4C-87F6-4206-A3DE-30F262EAC51B}.Release|x64.ActiveCfg = Release|Any CPU
		{7231FC4C-87F6-4206-A3DE-30F262EAC51B}.Release|x64.Build.0 = Release|Any CPU
		{7231FC4C-87F6-4206-A3DE-30F262EAC51B}.Release|x86.ActiveCfg = Release|Any CPU
		{7231FC4C-87F6-4206-A3DE-30F262EAC51B}.Release|x86.Build.0 = Release|Any CPU
		{B30D4DE7-5399-4111-B1ED-E619CC914991}.Debug|Any CPU.ActiveCfg = Debug|Any CPU
		{B30D4DE7-5399-4111-B1ED-E619CC914991}.Debug|Any CPU.Build.0 = Debug|Any CPU
		{B30D4DE7-5399-4111-B1ED-E619CC914991}.Debug|x64.ActiveCfg = Debug|Any CPU
		{B30D4DE7-5399-4111-B1ED-E619CC914991}.Debug|x64.Build.0 = Debug|Any CPU
		{B30D4DE7-5399-4111-B1ED-E619CC914991}.Debug|x86.ActiveCfg = Debug|Any CPU
		{B30D4DE7-5399-4111-B1ED-E619CC914991}.Debug|x86.Build.0 = Debug|Any CPU
		{B30D4DE7-5399-4111-B1ED-E619CC914991}.Release|Any CPU.ActiveCfg = Release|Any CPU
		{B30D4DE7-5399-4111-B1ED-E619CC914991}.Release|Any CPU.Build.0 = Release|Any CPU
		{B30D4DE7-5399-4111-B1ED-E619CC914991}.Release|x64.ActiveCfg = Release|Any CPU
		{B30D4DE7-5399-4111-B1ED-E619CC914991}.Release|x64.Build.0 = Release|Any CPU
		{B30D4DE7-5399-4111-B1ED-E619CC914991}.Release|x86.ActiveCfg = Release|Any CPU
		{B30D4DE7-5399-4111-B1ED-E619CC914991}.Release|x86.Build.0 = Release|Any CPU
		{5F81F12F-E246-41AD-ADE0-288EA95BB28A}.Debug|Any CPU.ActiveCfg = Debug|Any CPU
		{5F81F12F-E246-41AD-ADE0-288EA95BB28A}.Debug|Any CPU.Build.0 = Debug|Any CPU
		{5F81F12F-E246-41AD-ADE0-288EA95BB28A}.Debug|x64.ActiveCfg = Debug|Any CPU
		{5F81F12F-E246-41AD-ADE0-288EA95BB28A}.Debug|x64.Build.0 = Debug|Any CPU
		{5F81F12F-E246-41AD-ADE0-288EA95BB28A}.Debug|x86.ActiveCfg = Debug|Any CPU
		{5F81F12F-E246-41AD-ADE0-288EA95BB28A}.Debug|x86.Build.0 = Debug|Any CPU
		{5F81F12F-E246-41AD-ADE0-288EA95BB28A}.Release|Any CPU.ActiveCfg = Release|Any CPU
		{5F81F12F-E246-41AD-ADE0-288EA95BB28A}.Release|Any CPU.Build.0 = Release|Any CPU
		{5F81F12F-E246-41AD-ADE0-288EA95BB28A}.Release|x64.ActiveCfg = Release|Any CPU
		{5F81F12F-E246-41AD-ADE0-288EA95BB28A}.Release|x64.Build.0 = Release|Any CPU
		{5F81F12F-E246-41AD-ADE0-288EA95BB28A}.Release|x86.ActiveCfg = Release|Any CPU
		{5F81F12F-E246-41AD-ADE0-288EA95BB28A}.Release|x86.Build.0 = Release|Any CPU
		{50F5C706-A123-46CC-9765-3C8FC1E333EF}.Debug|Any CPU.ActiveCfg = Debug|Any CPU
		{50F5C706-A123-46CC-9765-3C8FC1E333EF}.Debug|Any CPU.Build.0 = Debug|Any CPU
		{50F5C706-A123-46CC-9765-3C8FC1E333EF}.Debug|x64.ActiveCfg = Debug|Any CPU
		{50F5C706-A123-46CC-9765-3C8FC1E333EF}.Debug|x64.Build.0 = Debug|Any CPU
		{50F5C706-A123-46CC-9765-3C8FC1E333EF}.Debug|x86.ActiveCfg = Debug|Any CPU
		{50F5C706-A123-46CC-9765-3C8FC1E333EF}.Debug|x86.Build.0 = Debug|Any CPU
		{50F5C706-A123-46CC-9765-3C8FC1E333EF}.Release|Any CPU.ActiveCfg = Release|Any CPU
		{50F5C706-A123-46CC-9765-3C8FC1E333EF}.Release|Any CPU.Build.0 = Release|Any CPU
		{50F5C706-A123-46CC-9765-3C8FC1E333EF}.Release|x64.ActiveCfg = Release|Any CPU
		{50F5C706-A123-46CC-9765-3C8FC1E333EF}.Release|x64.Build.0 = Release|Any CPU
		{50F5C706-A123-46CC-9765-3C8FC1E333EF}.Release|x86.ActiveCfg = Release|Any CPU
		{50F5C706-A123-46CC-9765-3C8FC1E333EF}.Release|x86.Build.0 = Release|Any CPU
		{7C15CFC7-EBAB-412F-AAC2-87129FEC9FFC}.Debug|Any CPU.ActiveCfg = Debug|Any CPU
		{7C15CFC7-EBAB-412F-AAC2-87129FEC9FFC}.Debug|Any CPU.Build.0 = Debug|Any CPU
		{7C15CFC7-EBAB-412F-AAC2-87129FEC9FFC}.Debug|x64.ActiveCfg = Debug|Any CPU
		{7C15CFC7-EBAB-412F-AAC2-87129FEC9FFC}.Debug|x64.Build.0 = Debug|Any CPU
		{7C15CFC7-EBAB-412F-AAC2-87129FEC9FFC}.Debug|x86.ActiveCfg = Debug|Any CPU
		{7C15CFC7-EBAB-412F-AAC2-87129FEC9FFC}.Debug|x86.Build.0 = Debug|Any CPU
		{7C15CFC7-EBAB-412F-AAC2-87129FEC9FFC}.Release|Any CPU.ActiveCfg = Release|Any CPU
		{7C15CFC7-EBAB-412F-AAC2-87129FEC9FFC}.Release|Any CPU.Build.0 = Release|Any CPU
		{7C15CFC7-EBAB-412F-AAC2-87129FEC9FFC}.Release|x64.ActiveCfg = Release|Any CPU
		{7C15CFC7-EBAB-412F-AAC2-87129FEC9FFC}.Release|x64.Build.0 = Release|Any CPU
		{7C15CFC7-EBAB-412F-AAC2-87129FEC9FFC}.Release|x86.ActiveCfg = Release|Any CPU
		{7C15CFC7-EBAB-412F-AAC2-87129FEC9FFC}.Release|x86.Build.0 = Release|Any CPU
	EndGlobalSection
	GlobalSection(SolutionProperties) = preSolution
		HideSolutionNode = FALSE
	EndGlobalSection
	GlobalSection(NestedProjects) = preSolution
		{9C3C6394-FBEB-4904-839F-2B06C809C39F} = {3BE56DC5-2E84-4A93-BC1D-E975D3DF54BF}
		{E2A83A01-6DBD-4A5B-8FFC-9C70114EF07D} = {3EF50925-C550-461B-9B75-6C4B80627735}
		{D6B7690E-6131-496F-BA89-71ADAD62BCC9} = {87D4F378-43DD-4DCB-8109-8D91BF61043E}
		{5A99A87B-3FE1-421E-ABE3-DC23F6DD6283} = {3BE56DC5-2E84-4A93-BC1D-E975D3DF54BF}
		{A7C28537-CB12-4804-AE20-475DBB48E6DF} = {87D4F378-43DD-4DCB-8109-8D91BF61043E}
		{2CB704CB-6B17-411B-86C2-8794553643D1} = {3BE56DC5-2E84-4A93-BC1D-E975D3DF54BF}
		{FAF7AD58-7FA6-4053-99C1-92E597AF8FB7} = {3BE56DC5-2E84-4A93-BC1D-E975D3DF54BF}
		{67FC1D03-DE46-41F7-BEA2-3A4001B086FA} = {3BE56DC5-2E84-4A93-BC1D-E975D3DF54BF}
		{20DB065B-91D2-4C32-9AEA-CA93FCF67EF1} = {3BE56DC5-2E84-4A93-BC1D-E975D3DF54BF}
		{A1F0E6D9-5E3E-4E1A-9E1C-5F2C0B5B7C11} = {3EF50925-C550-461B-9B75-6C4B80627735}
		{0BA55295-2A34-49C3-8A42-D47860996D1F} = {3BE56DC5-2E84-4A93-BC1D-E975D3DF54BF}
		{D3100275-DB02-4432-912C-4C16CB254092} = {3BE56DC5-2E84-4A93-BC1D-E975D3DF54BF}
		{5F22672A-896E-4E7B-9157-EF0F8D0409BF} = {3BE56DC5-2E84-4A93-BC1D-E975D3DF54BF}
		{921173D4-A118-45FD-B5CF-35824C0128A2} = {87D4F378-43DD-4DCB-8109-8D91BF61043E}
		{5E263EC9-574D-4EB9-97AF-3C21548DA044} = {3BE56DC5-2E84-4A93-BC1D-E975D3DF54BF}
		{0E55E8F7-39F4-42A9-A795-E547C0BEF34E} = {3EF50925-C550-461B-9B75-6C4B80627735}
		{2C30C18C-C4E7-45CD-9138-8C30A6606F17} = {3EF50925-C550-461B-9B75-6C4B80627735}
		{74CD7828-4D65-4DE9-875E-6A007E867FF4} = {3EF50925-C550-461B-9B75-6C4B80627735}
		{9E0C7F4C-7B9D-4F2D-AE3E-3E4F7C3A9A11} = {87D4F378-43DD-4DCB-8109-8D91BF61043E}
		{6B390F0B-A36C-4FAC-8EE3-AF9CAB4ECDFF} = {87D4F378-43DD-4DCB-8109-8D91BF61043E}
		{A2565C9D-FC73-4A6C-B0F5-21FB7ADA96D8} = {3BE56DC5-2E84-4A93-BC1D-E975D3DF54BF}
		{43F6D6B0-AFAE-4F34-B5AC-2A6B3209C33F} = {3EF50925-C550-461B-9B75-6C4B80627735}
		{E3DD65D9-9BC4-4CB2-B2FF-89F9C3029DFF} = {3EF50925-C550-461B-9B75-6C4B80627735}
		{7231FC4C-87F6-4206-A3DE-30F262EAC51B} = {3BE56DC5-2E84-4A93-BC1D-E975D3DF54BF}
		{B30D4DE7-5399-4111-B1ED-E619CC914991} = {3EF50925-C550-461B-9B75-6C4B80627735}
		{5F81F12F-E246-41AD-ADE0-288EA95BB28A} = {3BE56DC5-2E84-4A93-BC1D-E975D3DF54BF}
		{50F5C706-A123-46CC-9765-3C8FC1E333EF} = {66320409-64EC-F7C5-3DEF-65E7510DAAD1}
		{7C15CFC7-EBAB-412F-AAC2-87129FEC9FFC} = {87D4F378-43DD-4DCB-8109-8D91BF61043E}
	EndGlobalSection
EndGlobal
